
Microsoft Visual Studio Solution File, Format Version 12.00
# Visual Studio 15
VisualStudioVersion = 15.0.28307.1169
MinimumVisualStudioVersion = 10.0.40219.1
Project("{FAE04EC0-301F-11D3-BF4B-00C04F79EFBC}") = "期末作业 族谱", "期末作业 族谱\期末作业 族谱.csproj", "{FB9BC860-7B9D-43B6-ADDC-957D2EDB3840}"
EndProject
Global
	GlobalSection(SolutionConfigurationPlatforms) = preSolution
		Debug|Any CPU = Debug|Any CPU
		Release|Any CPU = Release|Any CPU
	EndGlobalSection
	GlobalSection(ProjectConfigurationPlatforms) = postSolution
		{FB9BC860-7B9D-43B6-ADDC-957D2EDB3840}.Debug|Any CPU.ActiveCfg = Debug|Any CPU
		{FB9BC860-7B9D-43B6-ADDC-957D2EDB3840}.Debug|Any CPU.Build.0 = Debug|Any CPU
		{FB9BC860-7B9D-43B6-ADDC-957D2EDB3840}.Release|Any CPU.ActiveCfg = Release|Any CPU
		{FB9BC860-7B9D-43B6-ADDC-957D2EDB3840}.Release|Any CPU.Build.0 = Release|Any CPU
	EndGlobalSection
	GlobalSection(SolutionProperties) = preSolution
		HideSolutionNode = FALSE
	EndGlobalSection
	GlobalSection(ExtensibilityGlobals) = postSolution
		SolutionGuid = {F79C47BF-C47E-489F-9D41-0B21B0DD153D}
	EndGlobalSection
EndGlobal
